
Microsoft Visual Studio Solution File, Format Version 12.00
# Visual Studio 15
VisualStudioVersion = 15.0.26730.10
MinimumVisualStudioVersion = 10.0.40219.1
Project("{FAE04EC0-301F-11D3-BF4B-00C04F79EFBC}") = "FHTWatermarking", "FHTWatermarking\FHTWatermarking.csproj", "{CC4C8CED-EBCC-4FA0-87C8-32CDA81CEF59}"
EndProject
Global
	GlobalSection(SolutionConfigurationPlatforms) = preSolution
		Debug|Any CPU = Debug|Any CPU
		Release|Any CPU = Release|Any CPU
	EndGlobalSection
	GlobalSection(ProjectConfigurationPlatforms) = postSolution
		{CC4C8CED-EBCC-4FA0-87C8-32CDA81CEF59}.Debug|Any CPU.ActiveCfg = Debug|Any CPU
		{CC4C8CED-EBCC-4FA0-87C8-32CDA81CEF59}.Debug|Any CPU.Build.0 = Debug|Any CPU
		{CC4C8CED-EBCC-4FA0-87C8-32CDA81CEF59}.Release|Any CPU.ActiveCfg = Release|Any CPU
		{CC4C8CED-EBCC-4FA0-87C8-32CDA81CEF59}.Release|Any CPU.Build.0 = Release|Any CPU
	EndGlobalSection
	GlobalSection(SolutionProperties) = preSolution
		HideSolutionNode = FALSE
	EndGlobalSection
	GlobalSection(ExtensibilityGlobals) = postSolution
		SolutionGuid = {2DC29143-C6A0-4FAE-9563-EF91DC47C360}
	EndGlobalSection
EndGlobal
